<Solution>
  <Folder Name="/src/">
    <Project Path="src/Blackjack.Game/Blackjack.Game.csproj" />
    <Project Path="src/Blackjack.Server/Blackjack.Server.csproj" />
    <Project Path="src/Blackjack.Client/Blackjack.Client.csproj" />
  </Folder>
  <Folder Name="/tests/">
    <Project Path="tests/Blackjack.Game.Tests/Blackjack.Game.Tests.csproj" />
    <Project Path="tests/Blackjack.Server.Tests/Blackjack.Server.Tests.csproj" />
  </Folder>
  <Folder Name="/tools/">
    <Project Path="tools/Blackjack.Console/Blackjack.Console.csproj" />
  </Folder>
</Solution>
